
Microsoft Visual Studio Solution File, Format Version 12.00
# Visual Studio Version 16
VisualStudioVersion = 16.0.32510.428
MinimumVisualStudioVersion = 10.0.40219.1
Project("{FAE04EC0-301F-11D3-BF4B-00C04F79EFBC}") = "Tela Cadastro Visitante", "Tela Cadastro Visitante\Tela Cadastro Visitante.csproj", "{A16436F5-04C4-41E7-A9B8-ACF898EA9E65}"
EndProject
Global
	GlobalSection(SolutionConfigurationPlatforms) = preSolution
		Debug|Any CPU = Debug|Any CPU
		Release|Any CPU = Release|Any CPU
	EndGlobalSection
	GlobalSection(ProjectConfigurationPlatforms) = postSolution
		{A16436F5-04C4-41E7-A9B8-ACF898EA9E65}.Debug|Any CPU.ActiveCfg = Debug|Any CPU
		{A16436F5-04C4-41E7-A9B8-ACF898EA9E65}.Debug|Any CPU.Build.0 = Debug|Any CPU
		{A16436F5-04C4-41E7-A9B8-ACF898EA9E65}.Release|Any CPU.ActiveCfg = Release|Any CPU
		{A16436F5-04C4-41E7-A9B8-ACF898EA9E65}.Release|Any CPU.Build.0 = Release|Any CPU
	EndGlobalSection
	GlobalSection(SolutionProperties) = preSolution
		HideSolutionNode = FALSE
	EndGlobalSection
	GlobalSection(ExtensibilityGlobals) = postSolution
		SolutionGuid = {36152EF6-B46D-4D3B-B639-12EA53966F65}
	EndGlobalSection
EndGlobal
